{
  "name": "capacitor-video-recorder",
  "version": "0.0.1",
  "lockfileVersion": 1,
  "requires": true,
  "dependencies": {
    "@capacitor/core": {
      "version": "1.0.0-alpha.38",
      "resolved": "https://registry.npmjs.org/@capacitor/core/-/core-1.0.0-alpha.38.tgz",
      "integrity": "sha512-NTGAG5MYOyF8WdCkFhamvHHI3Ak2SMHxp7tBTPF9H1UElW8lCl2SST2iqWwNx/lv7vQBHiVWGv8gyNonKuvQyQ==",
      "requires": {
        "tslib": "1.9.2"
      }
    },
    "tslib": {
      "version": "1.9.2",
      "resolved": "https://registry.npmjs.org/tslib/-/tslib-1.9.2.tgz",
      "integrity": "sha512-AVP5Xol3WivEr7hnssHDsaM+lVrVXWUvd1cfXTRkTj80b//6g2wIFEH6hZG0muGZRnHGrfttpdzRk3YlBkWjKw=="
    },
    "typescript": {
      "version": "2.9.1",
      "resolved": "https://registry.npmjs.org/typescript/-/typescript-2.9.1.tgz",
      "integrity": "sha512-h6pM2f/GDchCFlldnriOhs1QHuwbnmj6/v7499eMHqPeW4V2G0elua2eIc2nu8v2NdHV0Gm+tzX83Hr6nUFjQA==",
      "dev": true
    }
  }
}
